
Microsoft Visual Studio Solution File, Format Version 12.00
# Visual Studio Version 16
VisualStudioVersion = 16.0.30804.86
MinimumVisualStudioVersion = 10.0.40219.1
Project("{FAE04EC0-301F-11D3-BF4B-00C04F79EFBC}") = "DataAccess", "DataAccess\DataAccess.csproj", "{8BCB8592-0369-402C-9B39-686F3EC43945}"
EndProject
Project("{FAE04EC0-301F-11D3-BF4B-00C04F79EFBC}") = "Business", "Business\Business.csproj", "{26BF3E34-B2D7-4B21-BD87-CA2A736E8438}"
EndProject
Project("{FAE04EC0-301F-11D3-BF4B-00C04F79EFBC}") = "Entities", "Entities\Entities.csproj", "{99EA468D-BB09-4099-8F5E-758D654E4FF7}"
EndProject
Project("{FAE04EC0-301F-11D3-BF4B-00C04F79EFBC}") = "ConsoleUI", "ConsoleUI\ConsoleUI.csproj", "{91A7E3AD-5AAB-412B-B829-ECC00C975CEB}"
EndProject
Global
	GlobalSection(SolutionConfigurationPlatforms) = preSolution
		Debug|Any CPU = Debug|Any CPU
		Release|Any CPU = Release|Any CPU
	EndGlobalSection
	GlobalSection(ProjectConfigurationPlatforms) = postSolution
		{8BCB8592-0369-402C-9B39-686F3EC43945}.Debug|Any CPU.ActiveCfg = Debug|Any CPU
		{8BCB8592-0369-402C-9B39-686F3EC43945}.Debug|Any CPU.Build.0 = Debug|Any CPU
		{8BCB8592-0369-402C-9B39-686F3EC43945}.Release|Any CPU.ActiveCfg = Release|Any CPU
		{8BCB8592-0369-402C-9B39-686F3EC43945}.Release|Any CPU.Build.0 = Release|Any CPU
		{26BF3E34-B2D7-4B21-BD87-CA2A736E8438}.Debug|Any CPU.ActiveCfg = Debug|Any CPU
		{26BF3E34-B2D7-4B21-BD87-CA2A736E8438}.Debug|Any CPU.Build.0 = Debug|Any CPU
		{26BF3E34-B2D7-4B21-BD87-CA2A736E8438}.Release|Any CPU.ActiveCfg = Release|Any CPU
		{26BF3E34-B2D7-4B21-BD87-CA2A736E8438}.Release|Any CPU.Build.0 = Release|Any CPU
		{99EA468D-BB09-4099-8F5E-758D654E4FF7}.Debug|Any CPU.ActiveCfg = Debug|Any CPU
		{99EA468D-BB09-4099-8F5E-758D654E4FF7}.Debug|Any CPU.Build.0 = Debug|Any CPU
		{99EA468D-BB09-4099-8F5E-758D654E4FF7}.Release|Any CPU.ActiveCfg = Release|Any CPU
		{99EA468D-BB09-4099-8F5E-758D654E4FF7}.Release|Any CPU.Build.0 = Release|Any CPU
		{91A7E3AD-5AAB-412B-B829-ECC00C975CEB}.Debug|Any CPU.ActiveCfg = Debug|Any CPU
		{91A7E3AD-5AAB-412B-B829-ECC00C975CEB}.Debug|Any CPU.Build.0 = Debug|Any CPU
		{91A7E3AD-5AAB-412B-B829-ECC00C975CEB}.Release|Any CPU.ActiveCfg = Release|Any CPU
		{91A7E3AD-5AAB-412B-B829-ECC00C975CEB}.Release|Any CPU.Build.0 = Release|Any CPU
	EndGlobalSection
	GlobalSection(SolutionProperties) = preSolution
		HideSolutionNode = FALSE
	EndGlobalSection
	GlobalSection(ExtensibilityGlobals) = postSolution
		SolutionGuid = {321E33E9-5056-4B28-ADE4-FEBCC1652946}
	EndGlobalSection
EndGlobal
